
Microsoft Visual Studio Solution File, Format Version 12.00
# Visual Studio 15
VisualStudioVersion = 15.0.28307.168
MinimumVisualStudioVersion = 10.0.40219.1
Project("{8BC9CEB8-8B4A-11D0-8D11-00A0C91BC942}") = "moshou_3", "moshou_3\moshou_3.vcxproj", "{C067BA30-3EB8-49A0-9C02-D4AFF991665F}"
EndProject
Global
	GlobalSection(SolutionConfigurationPlatforms) = preSolution
		Debug|x64 = Debug|x64
		Debug|x86 = Debug|x86
		Release|x64 = Release|x64
		Release|x86 = Release|x86
	EndGlobalSection
	GlobalSection(ProjectConfigurationPlatforms) = postSolution
		{C067BA30-3EB8-49A0-9C02-D4AFF991665F}.Debug|x64.ActiveCfg = Debug|x64
		{C067BA30-3EB8-49A0-9C02-D4AFF991665F}.Debug|x64.Build.0 = Debug|x64
		{C067BA30-3EB8-49A0-9C02-D4AFF991665F}.Debug|x86.ActiveCfg = Debug|Win32
		{C067BA30-3EB8-49A0-9C02-D4AFF991665F}.Debug|x86.Build.0 = Debug|Win32
		{C067BA30-3EB8-49A0-9C02-D4AFF991665F}.Release|x64.ActiveCfg = Release|x64
		{C067BA30-3EB8-49A0-9C02-D4AFF991665F}.Release|x64.Build.0 = Release|x64
		{C067BA30-3EB8-49A0-9C02-D4AFF991665F}.Release|x86.ActiveCfg = Release|Win32
		{C067BA30-3EB8-49A0-9C02-D4AFF991665F}.Release|x86.Build.0 = Release|Win32
	EndGlobalSection
	GlobalSection(SolutionProperties) = preSolution
		HideSolutionNode = FALSE
	EndGlobalSection
	GlobalSection(ExtensibilityGlobals) = postSolution
		SolutionGuid = {26DF18B1-14BA-49FA-AEA0-4FA5233AD20E}
	EndGlobalSection
EndGlobal
